// !$*UTF8*$!
{
	archiveVersion = 1;
	classes = {
	};
	objectVersion = 46;
	objects = {

/* Begin PBXBuildFile section */
		30178BC91E1DE2D5008D2D21 /* AppDelegate.swift in Sources */ = {isa = PBXBuildFile; fileRef = 30178BC81E1DE2D5008D2D21 /* AppDelegate.swift */; };
		30178BCB1E1DE2D5008D2D21 /* ViewController.swift in Sources */ = {isa = PBXBuildFile; fileRef = 30178BCA1E1DE2D5008D2D21 /* ViewController.swift */; };
		30178BD01E1DE2D5008D2D21 /* Assets.xcassets in Resources */ = {isa = PBXBuildFile; fileRef = 30178BCF1E1DE2D5008D2D21 /* Assets.xcassets */; };
		30178BD31E1DE2D5008D2D21 /* LaunchScreen.storyboard in Resources */ = {isa = PBXBuildFile; fileRef = 30178BD11E1DE2D5008D2D21 /* LaunchScreen.storyboard */; };
		305C20AF1E1F0B8400FF1162 /* csv.swift in Sources */ = {isa = PBXBuildFile; fileRef = 305C20AE1E1F0B8400FF1162 /* csv.swift */; };
		305C20B41E1F199400FF1162 /* pokemon.ttf in Resources */ = {isa = PBXBuildFile; fileRef = 305C20B31E1F199400FF1162 /* pokemon.ttf */; };
		305C20B61E1F1C8D00FF1162 /* music.mp3 in Resources */ = {isa = PBXBuildFile; fileRef = 305C20B51E1F1C8D00FF1162 /* music.mp3 */; };
		305C20B81E1F2F0A00FF1162 /* PokemonDetailVC.swift in Sources */ = {isa = PBXBuildFile; fileRef = 305C20B71E1F2F0A00FF1162 /* PokemonDetailVC.swift */; };
		305C20BA1E1F321A00FF1162 /* Main.storyboard in Resources */ = {isa = PBXBuildFile; fileRef = 305C20B91E1F321A00FF1162 /* Main.storyboard */; };
		30DA39DE1E1DE8B7002E5A86 /* pokemon.csv in Resources */ = {isa = PBXBuildFile; fileRef = 30DA39DD1E1DE8B7002E5A86 /* pokemon.csv */; };
		30DA39E11E1DEC08002E5A86 /* Pokemon.swift in Sources */ = {isa = PBXBuildFile; fileRef = 30DA39E01E1DEC08002E5A86 /* Pokemon.swift */; };
		30DA39E41E1DF5F6002E5A86 /* PokeCell.swift in Sources */ = {isa = PBXBuildFile; fileRef = 30DA39E31E1DF5F6002E5A86 /* PokeCell.swift */; };
		EFDEB29F424E25E3F3E6BF1A /* Pods_Pokedex.framework in Frameworks */ = {isa = PBXBuildFile; fileRef = 7C721267D578BA8E8CCD56E0 /* Pods_Pokedex.framework */; };
/* End PBXBuildFile section */

/* Begin PBXFileReference section */
		30178BC51E1DE2D5008D2D21 /* Pokedex.app */ = {isa = PBXFileReference; explicitFileType = wrapper.application; includeInIndex = 0; path = Pokedex.app; sourceTree = BUILT_PRODUCTS_DIR; };
		30178BC81E1DE2D5008D2D21 /* AppDelegate.swift */ = {isa = PBXFileReference; lastKnownFileType = sourcecode.swift; path = AppDelegate.swift; sourceTree = "<group>"; };
		30178BCA1E1DE2D5008D2D21 /* ViewController.swift */ = {isa = PBXFileReference; lastKnownFileType = sourcecode.swift; path = ViewController.swift; sourceTree = "<group>"; };
		30178BCF1E1DE2D5008D2D21 /* Assets.xcassets */ = {isa = PBXFileReference; lastKnownFileType = folder.assetcatalog; path = Assets.xcassets; sourceTree = "<group>"; };
		30178BD21E1DE2D5008D2D21 /* Base */ = {isa = PBXFileReference; lastKnownFileType = file.storyboard; name = Base; path = Base.lproj/LaunchScreen.storyboard; sourceTree = "<group>"; };
		30178BD41E1DE2D5008D2D21 /* Info.plist */ = {isa = PBXFileReference; lastKnownFileType = text.plist.xml; path = Info.plist; sourceTree = "<group>"; };
		305C20AE1E1F0B8400FF1162 /* csv.swift */ = {isa = PBXFileReference; fileEncoding = 4; lastKnownFileType = sourcecode.swift; name = csv.swift; path = ../../../../../csv.swift; sourceTree = "<group>"; };
		305C20B31E1F199400FF1162 /* pokemon.ttf */ = {isa = PBXFileReference; lastKnownFileType = file; name = pokemon.ttf; path = ../../../../../../Downloads/pokemon/pokemon.ttf; sourceTree = "<group>"; };
		305C20B51E1F1C8D00FF1162 /* music.mp3 */ = {isa = PBXFileReference; lastKnownFileType = audio.mp3; name = music.mp3; path = ../../../../../../Downloads/music.mp3; sourceTree = "<group>"; };
		305C20B71E1F2F0A00FF1162 /* PokemonDetailVC.swift */ = {isa = PBXFileReference; fileEncoding = 4; lastKnownFileType = sourcecode.swift; path = PokemonDetailVC.swift; sourceTree = "<group>"; };
		305C20B91E1F321A00FF1162 /* Main.storyboard */ = {isa = PBXFileReference; fileEncoding = 4; lastKnownFileType = file.storyboard; path = Main.storyboard; sourceTree = "<group>"; };
		30DA39DD1E1DE8B7002E5A86 /* pokemon.csv */ = {isa = PBXFileReference; fileEncoding = 4; lastKnownFileType = text; path = pokemon.csv; sourceTree = "<group>"; };
		30DA39E01E1DEC08002E5A86 /* Pokemon.swift */ = {isa = PBXFileReference; fileEncoding = 4; lastKnownFileType = sourcecode.swift; path = Pokemon.swift; sourceTree = "<group>"; };
		30DA39E31E1DF5F6002E5A86 /* PokeCell.swift */ = {isa = PBXFileReference; fileEncoding = 4; lastKnownFileType = sourcecode.swift; path = PokeCell.swift; sourceTree = "<group>"; };
		4E4B0E03B307F0F2CFF16C38 /* Pods-Pokedex.debug.xcconfig */ = {isa = PBXFileReference; includeInIndex = 1; lastKnownFileType = text.xcconfig; name = "Pods-Pokedex.debug.xcconfig"; path = "Pods/Target Support Files/Pods-Pokedex/Pods-Pokedex.debug.xcconfig"; sourceTree = "<group>"; };
		7C721267D578BA8E8CCD56E0 /* Pods_Pokedex.framework */ = {isa = PBXFileReference; explicitFileType = wrapper.framework; includeInIndex = 0; path = Pods_Pokedex.framework; sourceTree = BUILT_PRODUCTS_DIR; };
		D4D5226FB0F3494674C71889 /* Pods-Pokedex.release.xcconfig */ = {isa = PBXFileReference; includeInIndex = 1; lastKnownFileType = text.xcconfig; name = "Pods-Pokedex.release.xcconfig"; path = "Pods/Target Support Files/Pods-Pokedex/Pods-Pokedex.release.xcconfig"; sourceTree = "<group>"; };
/* End PBXFileReference section */

/* Begin PBXFrameworksBuildPhase section */
		30178BC21E1DE2D5008D2D21 /* Frameworks */ = {
			isa = PBXFrameworksBuildPhase;
			buildActionMask = 2147483647;
			files = (
				EFDEB29F424E25E3F3E6BF1A /* Pods_Pokedex.framework in Frameworks */,
			);
			runOnlyForDeploymentPostprocessing = 0;
		};
/* End PBXFrameworksBuildPhase section */

/* Begin PBXGroup section */
		1AE2BAB2CB046A0EF8BB2008 /* Pods */ = {
			isa = PBXGroup;
			children = (
				4E4B0E03B307F0F2CFF16C38 /* Pods-Pokedex.debug.xcconfig */,
				D4D5226FB0F3494674C71889 /* Pods-Pokedex.release.xcconfig */,
			);
			name = Pods;
			sourceTree = "<group>";
		};
		30178BBC1E1DE2D5008D2D21 = {
			isa = PBXGroup;
			children = (
				30178BC71E1DE2D5008D2D21 /* Pokedex */,
				30178BC61E1DE2D5008D2D21 /* Products */,
				1AE2BAB2CB046A0EF8BB2008 /* Pods */,
				99B81E9C129714FFA3933A1B /* Frameworks */,
			);
			sourceTree = "<group>";
		};
		30178BC61E1DE2D5008D2D21 /* Products */ = {
			isa = PBXGroup;
			children = (
				30178BC51E1DE2D5008D2D21 /* Pokedex.app */,
			);
			name = Products;
			sourceTree = "<group>";
		};
		30178BC71E1DE2D5008D2D21 /* Pokedex */ = {
			isa = PBXGroup;
			children = (
				30DA39DF1E1DEBF9002E5A86 /* Model */,
				30DA39E21E1DF5C3002E5A86 /* View */,
				305C20B11E1F0B9F00FF1162 /* Controller */,
				305C20B21E1F0BAE00FF1162 /* Resources */,
				305C20B01E1F0B8A00FF1162 /* Util */,
				30DA39DD1E1DE8B7002E5A86 /* pokemon.csv */,
				30178BCF1E1DE2D5008D2D21 /* Assets.xcassets */,
				305C20B91E1F321A00FF1162 /* Main.storyboard */,
				30178BD11E1DE2D5008D2D21 /* LaunchScreen.storyboard */,
				30178BD41E1DE2D5008D2D21 /* Info.plist */,
			);
			path = Pokedex;
			sourceTree = "<group>";
		};
		305C20B01E1F0B8A00FF1162 /* Util */ = {
			isa = PBXGroup;
			children = (
				305C20AE1E1F0B8400FF1162 /* csv.swift */,
			);
			name = Util;
			sourceTree = "<group>";
		};
		305C20B11E1F0B9F00FF1162 /* Controller */ = {
			isa = PBXGroup;
			children = (
				30178BCA1E1DE2D5008D2D21 /* ViewController.swift */,
				305C20B71E1F2F0A00FF1162 /* PokemonDetailVC.swift */,
			);
			name = Controller;
			sourceTree = "<group>";
		};
		305C20B21E1F0BAE00FF1162 /* Resources */ = {
			isa = PBXGroup;
			children = (
				305C20B51E1F1C8D00FF1162 /* music.mp3 */,
				305C20B31E1F199400FF1162 /* pokemon.ttf */,
				30178BC81E1DE2D5008D2D21 /* AppDelegate.swift */,
			);
			name = Resources;
			sourceTree = "<group>";
		};
		30DA39DF1E1DEBF9002E5A86 /* Model */ = {
			isa = PBXGroup;
			children = (
				30DA39E01E1DEC08002E5A86 /* Pokemon.swift */,
			);
			name = Model;
			sourceTree = "<group>";
		};
		30DA39E21E1DF5C3002E5A86 /* View */ = {
			isa = PBXGroup;
			children = (
				30DA39E31E1DF5F6002E5A86 /* PokeCell.swift */,
			);
			name = View;
			sourceTree = "<group>";
		};
		99B81E9C129714FFA3933A1B /* Frameworks */ = {
			isa = PBXGroup;
			children = (
				7C721267D578BA8E8CCD56E0 /* Pods_Pokedex.framework */,
			);
			name = Frameworks;
			sourceTree = "<group>";
		};
/* End PBXGroup section */

/* Begin PBXNativeTarget section */
		30178BC41E1DE2D5008D2D21 /* Pokedex */ = {
			isa = PBXNativeTarget;
			buildConfigurationList = 30178BD71E1DE2D5008D2D21 /* Build configuration list for PBXNativeTarget "Pokedex" */;
			buildPhases = (
				2886A55ABC4FBC1EDE51CDF3 /* [CP] Check Pods Manifest.lock */,
				30178BC11E1DE2D5008D2D21 /* Sources */,
				30178BC21E1DE2D5008D2D21 /* Frameworks */,
				30178BC31E1DE2D5008D2D21 /* Resources */,
				54C1EF826A7A60A2A187F2CB /* [CP] Embed Pods Frameworks */,
				57F7B3ED49C655D718965157 /* [CP] Copy Pods Resources */,
			);
			buildRules = (
			);
			dependencies = (
			);
			name = Pokedex;
			productName = Pokedex;
			productReference = 30178BC51E1DE2D5008D2D21 /* Pokedex.app */;
			productType = "com.apple.product-type.application";
		};
/* End PBXNativeTarget section */

/* Begin PBXProject section */
		30178BBD1E1DE2D5008D2D21 /* Project object */ = {
			isa = PBXProject;
			attributes = {
				LastSwiftUpdateCheck = 0820;
				LastUpgradeCheck = 0820;
				ORGANIZATIONNAME = Blu;
				TargetAttributes = {
					30178BC41E1DE2D5008D2D21 = {
						CreatedOnToolsVersion = 8.2.1;
						DevelopmentTeam = GMK26497R9;
						ProvisioningStyle = Automatic;
					};
				};
			};
			buildConfigurationList = 30178BC01E1DE2D5008D2D21 /* Build configuration list for PBXProject "Pokedex" */;
			compatibilityVersion = "Xcode 3.2";
			developmentRegion = English;
			hasScannedForEncodings = 0;
			knownRegions = (
				en,
				Base,
			);
			mainGroup = 30178BBC1E1DE2D5008D2D21;
			productRefGroup = 30178BC61E1DE2D5008D2D21 /* Products */;
			projectDirPath = "";
			projectRoot = "";
			targets = (
				30178BC41E1DE2D5008D2D21 /* Pokedex */,
			);
		};
/* End PBXProject section */

/* Begin PBXResourcesBuildPhase section */
		30178BC31E1DE2D5008D2D21 /* Resources */ = {
			isa = PBXResourcesBuildPhase;
			buildActionMask = 2147483647;
			files = (
				305C20B61E1F1C8D00FF1162 /* music.mp3 in Resources */,
				305C20B41E1F199400FF1162 /* pokemon.ttf in Resources */,
				30178BD31E1DE2D5008D2D21 /* LaunchScreen.storyboard in Resources */,
				305C20BA1E1F321A00FF1162 /* Main.storyboard in Resources */,
				30178BD01E1DE2D5008D2D21 /* Assets.xcassets in Resources */,
				30DA39DE1E1DE8B7002E5A86 /* pokemon.csv in Resources */,
			);
			runOnlyForDeploymentPostprocessing = 0;
		};
/* End PBXResourcesBuildPhase section */

/* Begin PBXShellScriptBuildPhase section */
		2886A55ABC4FBC1EDE51CDF3 /* [CP] Check Pods Manifest.lock */ = {
			isa = PBXShellScriptBuildPhase;
			buildActionMask = 2147483647;
			files = (
			);
			inputPaths = (
			);
			name = "[CP] Check Pods Manifest.lock";
			outputPaths = (
			);
			runOnlyForDeploymentPostprocessing = 0;
			shellPath = /bin/sh;
			shellScript = "diff \"${PODS_ROOT}/../Podfile.lock\" \"${PODS_ROOT}/Manifest.lock\" > /dev/null\nif [ $? != 0 ] ; then\n    # print error to STDERR\n    echo \"error: The sandbox is not in sync with the Podfile.lock. Run 'pod install' or update your CocoaPods installation.\" >&2\n    exit 1\nfi\n";
			showEnvVarsInLog = 0;
		};
		54C1EF826A7A60A2A187F2CB /* [CP] Embed Pods Frameworks */ = {
			isa = PBXShellScriptBuildPhase;
			buildActionMask = 2147483647;
			files = (
			);
			inputPaths = (
			);
			name = "[CP] Embed Pods Frameworks";
			outputPaths = (
			);
			runOnlyForDeploymentPostprocessing = 0;
			shellPath = /bin/sh;
			shellScript = "\"${SRCROOT}/Pods/Target Support Files/Pods-Pokedex/Pods-Pokedex-frameworks.sh\"\n";
			showEnvVarsInLog = 0;
		};
		57F7B3ED49C655D718965157 /* [CP] Copy Pods Resources */ = {
			isa = PBXShellScriptBuildPhase;
			buildActionMask = 2147483647;
			files = (
			);
			inputPaths = (
			);
			name = "[CP] Copy Pods Resources";
			outputPaths = (
			);
			runOnlyForDeploymentPostprocessing = 0;
			shellPath = /bin/sh;
			shellScript = "\"${SRCROOT}/Pods/Target Support Files/Pods-Pokedex/Pods-Pokedex-resources.sh\"\n";
			showEnvVarsInLog = 0;
		};
/* End PBXShellScriptBuildPhase section */

/* Begin PBXSourcesBuildPhase section */
		30178BC11E1DE2D5008D2D21 /* Sources */ = {
			isa = PBXSourcesBuildPhase;
			buildActionMask = 2147483647;
			files = (
				30DA39E41E1DF5F6002E5A86 /* PokeCell.swift in Sources */,
				30178BCB1E1DE2D5008D2D21 /* ViewController.swift in Sources */,
				30178BC91E1DE2D5008D2D21 /* AppDelegate.swift in Sources */,
				305C20B81E1F2F0A00FF1162 /* PokemonDetailVC.swift in Sources */,
				30DA39E11E1DEC08002E5A86 /* Pokemon.swift in Sources */,
				305C20AF1E1F0B8400FF1162 /* csv.swift in Sources */,
			);
			runOnlyForDeploymentPostprocessing = 0;
		};
/* End PBXSourcesBuildPhase section */

/* Begin PBXVariantGroup section */
		30178BD11E1DE2D5008D2D21 /* LaunchScreen.storyboard */ = {
			isa = PBXVariantGroup;
			children = (
				30178BD21E1DE2D5008D2D21 /* Base */,
			);
			name = LaunchScreen.storyboard;
			sourceTree = "<group>";
		};
/* End PBXVariantGroup section */

/* Begin XCBuildConfiguration section */
		30178BD51E1DE2D5008D2D21 /* Debug */ = {
			isa = XCBuildConfiguration;
			buildSettings = {
				ALWAYS_SEARCH_USER_PATHS = NO;
				CLANG_ANALYZER_NONNULL = YES;
				CLANG_CXX_LANGUAGE_STANDARD = "gnu++0x";
				CLANG_CXX_LIBRARY = "libc++";
				CLANG_ENABLE_MODULES = YES;
				CLANG_ENABLE_OBJC_ARC = YES;
				CLANG_WARN_BOOL_CONVERSION = YES;
				CLANG_WARN_CONSTANT_CONVERSION = YES;
				CLANG_WARN_DIRECT_OBJC_ISA_USAGE = YES_ERROR;
				CLANG_WARN_DOCUMENTATION_COMMENTS = YES;
				CLANG_WARN_EMPTY_BODY = YES;
				CLANG_WARN_ENUM_CONVERSION = YES;
				CLANG_WARN_INFINITE_RECURSION = YES;
				CLANG_WARN_INT_CONVERSION = YES;
				CLANG_WARN_OBJC_ROOT_CLASS = YES_ERROR;
				CLANG_WARN_SUSPICIOUS_MOVE = YES;
				CLANG_WARN_UNREACHABLE_CODE = YES;
				CLANG_WARN__DUPLICATE_METHOD_MATCH = YES;
				"CODE_SIGN_IDENTITY[sdk=iphoneos*]" = "iPhone Developer";
				COPY_PHASE_STRIP = NO;
				DEBUG_INFORMATION_FORMAT = dwarf;
				ENABLE_STRICT_OBJC_MSGSEND = YES;
				ENABLE_TESTABILITY = YES;
				GCC_C_LANGUAGE_STANDARD = gnu99;
				GCC_DYNAMIC_NO_PIC = NO;
				GCC_NO_COMMON_BLOCKS = YES;
				GCC_OPTIMIZATION_LEVEL = 0;
				GCC_PREPROCESSOR_DEFINITIONS = (
					"DEBUG=1",
					"$(inherited)",
				);
				GCC_WARN_64_TO_32_BIT_CONVERSION = YES;
				GCC_WARN_ABOUT_RETURN_TYPE = YES_ERROR;
				GCC_WARN_UNDECLARED_SELECTOR = YES;
				GCC_WARN_UNINITIALIZED_AUTOS = YES_AGGRESSIVE;
				GCC_WARN_UNUSED_FUNCTION = YES;
				GCC_WARN_UNUSED_VARIABLE = YES;
				IPHONEOS_DEPLOYMENT_TARGET = 10.2;
				MTL_ENABLE_DEBUG_INFO = YES;
				ONLY_ACTIVE_ARCH = YES;
				SDKROOT = iphoneos;
				SWIFT_ACTIVE_COMPILATION_CONDITIONS = DEBUG;
				SWIFT_OPTIMIZATION_LEVEL = "-Onone";
				TARGETED_DEVICE_FAMILY = "1,2";
			};
			name = Debug;
		};
		30178BD61E1DE2D5008D2D21 /* Release */ = {
			isa = XCBuildConfiguration;
			buildSettings = {
				ALWAYS_SEARCH_USER_PATHS = NO;
				CLANG_ANALYZER_NONNULL = YES;
				CLANG_CXX_LANGUAGE_STANDARD = "gnu++0x";
				CLANG_CXX_LIBRARY = "libc++";
				CLANG_ENABLE_MODULES = YES;
				CLANG_ENABLE_OBJC_ARC = YES;
				CLANG_WARN_BOOL_CONVERSION = YES;
				CLANG_WARN_CONSTANT_CONVERSION = YES;
				CLANG_WARN_DIRECT_OBJC_ISA_USAGE = YES_ERROR;
				CLANG_WARN_DOCUMENTATION_COMMENTS = YES;
				CLANG_WARN_EMPTY_BODY = YES;
				CLANG_WARN_ENUM_CONVERSION = YES;
				CLANG_WARN_INFINITE_RECURSION = YES;
				CLANG_WARN_INT_CONVERSION = YES;
				CLANG_WARN_OBJC_ROOT_CLASS = YES_ERROR;
				CLANG_WARN_SUSPICIOUS_MOVE = YES;
				CLANG_WARN_UNREACHABLE_CODE = YES;
				CLANG_WARN__DUPLICATE_METHOD_MATCH = YES;
				"CODE_SIGN_IDENTITY[sdk=iphoneos*]" = "iPhone Developer";
				COPY_PHASE_STRIP = NO;
				DEBUG_INFORMATION_FORMAT = "dwarf-with-dsym";
				ENABLE_NS_ASSERTIONS = NO;
				ENABLE_STRICT_OBJC_MSGSEND = YES;
				GCC_C_LANGUAGE_STANDARD = gnu99;
				GCC_NO_COMMON_BLOCKS = YES;
				GCC_WARN_64_TO_32_BIT_CONVERSION = YES;
				GCC_WARN_ABOUT_RETURN_TYPE = YES_ERROR;
				GCC_WARN_UNDECLARED_SELECTOR = YES;
				GCC_WARN_UNINITIALIZED_AUTOS = YES_AGGRESSIVE;
				GCC_WARN_UNUSED_FUNCTION = YES;
				GCC_WARN_UNUSED_VARIABLE = YES;
				IPHONEOS_DEPLOYMENT_TARGET = 10.2;
				MTL_ENABLE_DEBUG_INFO = NO;
				SDKROOT = iphoneos;
				SWIFT_OPTIMIZATION_LEVEL = "-Owholemodule";
				TARGETED_DEVICE_FAMILY = "1,2";
				VALIDATE_PRODUCT = YES;
			};
			name = Release;
		};
		30178BD81E1DE2D5008D2D21 /* Debug */ = {
			isa = XCBuildConfiguration;
			baseConfigurationReference = 4E4B0E03B307F0F2CFF16C38 /* Pods-Pokedex.debug.xcconfig */;
			buildSettings = {
				ASSETCATALOG_COMPILER_APPICON_NAME = AppIcon;
				DEVELOPMENT_TEAM = GMK26497R9;
				INFOPLIST_FILE = Pokedex/Info.plist;
				LD_RUNPATH_SEARCH_PATHS = "$(inherited) @executable_path/Frameworks";
				PRODUCT_BUNDLE_IDENTIFIER = com.rguydesign.Pokedex;
				PRODUCT_NAME = "$(TARGET_NAME)";
				SWIFT_VERSION = 3.0;
			};
			name = Debug;
		};
		30178BD91E1DE2D5008D2D21 /* Release */ = {
			isa = XCBuildConfiguration;
			baseConfigurationReference = D4D5226FB0F3494674C71889 /* Pods-Pokedex.release.xcconfig */;
			buildSettings = {
				ASSETCATALOG_COMPILER_APPICON_NAME = AppIcon;
				DEVELOPMENT_TEAM = GMK26497R9;
				INFOPLIST_FILE = Pokedex/Info.plist;
				LD_RUNPATH_SEARCH_PATHS = "$(inherited) @executable_path/Frameworks";
				PRODUCT_BUNDLE_IDENTIFIER = com.rguydesign.Pokedex;
				PRODUCT_NAME = "$(TARGET_NAME)";
				SWIFT_VERSION = 3.0;
			};
			name = Release;
		};
/* End XCBuildConfiguration section */

/* Begin XCConfigurationList section */
		30178BC01E1DE2D5008D2D21 /* Build configuration list for PBXProject "Pokedex" */ = {
			isa = XCConfigurationList;
			buildConfigurations = (
				30178BD51E1DE2D5008D2D21 /* Debug */,
				30178BD61E1DE2D5008D2D21 /* Release */,
			);
			defaultConfigurationIsVisible = 0;
			defaultConfigurationName = Release;
		};
		30178BD71E1DE2D5008D2D21 /* Build configuration list for PBXNativeTarget "Pokedex" */ = {
			isa = XCConfigurationList;
			buildConfigurations = (
				30178BD81E1DE2D5008D2D21 /* Debug */,
				30178BD91E1DE2D5008D2D21 /* Release */,
			);
			defaultConfigurationIsVisible = 0;
			defaultConfigurationName = Release;
		};
/* End XCConfigurationList section */
	};
	rootObject = 30178BBD1E1DE2D5008D2D21 /* Project object */;
}
